
Microsoft Visual Studio Solution File, Format Version 11.00
# Visual Studio 2010
Project("{2150E333-8FDC-42A3-9474-1A3956D46DE8}") = "CodeSmith Templates", "CodeSmith Templates", "{ED9EFE1A-2183-403A-9C76-CB5563836F25}"
	ProjectSection(SolutionItems) = preProject
		CodeSmith Templates\BusinessObjectsGenerator.cst = CodeSmith Templates\BusinessObjectsGenerator.cst
		CodeSmith Templates\BusinessObjectTemplate.mysql.cst = CodeSmith Templates\BusinessObjectTemplate.mysql.cst
		CodeSmith Templates\BusinessObjectTemplate.oracle.cst = CodeSmith Templates\BusinessObjectTemplate.oracle.cst
		CodeSmith Templates\BusinessObjectTemplate.pgsql.cst = CodeSmith Templates\BusinessObjectTemplate.pgsql.cst
		CodeSmith Templates\BusinessObjectTemplate.sqlite.cst = CodeSmith Templates\BusinessObjectTemplate.sqlite.cst
		CodeSmith Templates\BusinessObjectTemplate.sqlserver.cst = CodeSmith Templates\BusinessObjectTemplate.sqlserver.cst
		CodeSmith Templates\BusinessObjectTemplate.sqlserverce.cst = CodeSmith Templates\BusinessObjectTemplate.sqlserverce.cst
		CodeSmith Templates\HelperFunctions.cs = CodeSmith Templates\HelperFunctions.cs
	EndProjectSection
EndProject
Project("{2150E333-8FDC-42A3-9474-1A3956D46DE8}") = "Solution Items", "Solution Items", "{EE0B8F52-6646-47B8-B2C6-002E1D99809F}"
	ProjectSection(SolutionItems) = preProject
		CrystalMapper.vsmdi = CrystalMapper.vsmdi
		LocalTestRun.testrunconfig = LocalTestRun.testrunconfig
		README.md = README.md
	EndProjectSection
EndProject
Project("{FAE04EC0-301F-11D3-BF4B-00C04F79EFBC}") = "CrystalMapper", "CrystalMapper\CrystalMapper.csproj", "{362267BA-8052-493E-A3C0-F89B0F3BF331}"
EndProject
Project("{FAE04EC0-301F-11D3-BF4B-00C04F79EFBC}") = "CrystalMapper.Test", "CrystalMapper.Test\CrystalMapper.Test.csproj", "{FB05239A-0E75-4E64-963C-136215002017}"
EndProject
Project("{FAE04EC0-301F-11D3-BF4B-00C04F79EFBC}") = "CrystalMapper.UnitTest", "CrystalMapper.UnitTest\CrystalMapper.UnitTest.csproj", "{160D1D21-699E-499A-9CA2-F54992777EFE}"
EndProject
Project("{2150E333-8FDC-42A3-9474-1A3956D46DE8}") = "Lib", "Lib", "{9D88AC6F-2D6C-47B2-ABED-76B2BACC6B2B}"
	ProjectSection(SolutionItems) = preProject
		Lib\CoreSystem.dll = Lib\CoreSystem.dll
		Lib\CoreSystem.xml = Lib\CoreSystem.xml
	EndProjectSection
EndProject
Global
	GlobalSection(TestCaseManagementSettings) = postSolution
		CategoryFile = CrystalMapper.vsmdi
	EndGlobalSection
	GlobalSection(SolutionConfigurationPlatforms) = preSolution
		Debug|Any CPU = Debug|Any CPU
		Debug|Mixed Platforms = Debug|Mixed Platforms
		Debug|Pocket PC 2003 (ARMV4) = Debug|Pocket PC 2003 (ARMV4)
		Debug|Win32 = Debug|Win32
		Release|Any CPU = Release|Any CPU
		Release|Mixed Platforms = Release|Mixed Platforms
		Release|Pocket PC 2003 (ARMV4) = Release|Pocket PC 2003 (ARMV4)
		Release|Win32 = Release|Win32
		StockDebug|Any CPU = StockDebug|Any CPU
		StockDebug|Mixed Platforms = StockDebug|Mixed Platforms
		StockDebug|Pocket PC 2003 (ARMV4) = StockDebug|Pocket PC 2003 (ARMV4)
		StockDebug|Win32 = StockDebug|Win32
		StockRelease|Any CPU = StockRelease|Any CPU
		StockRelease|Mixed Platforms = StockRelease|Mixed Platforms
		StockRelease|Pocket PC 2003 (ARMV4) = StockRelease|Pocket PC 2003 (ARMV4)
		StockRelease|Win32 = StockRelease|Win32
	EndGlobalSection
	GlobalSection(ProjectConfigurationPlatforms) = postSolution
		{362267BA-8052-493E-A3C0-F89B0F3BF331}.Debug|Any CPU.ActiveCfg = Debug|Any CPU
		{362267BA-8052-493E-A3C0-F89B0F3BF331}.Debug|Any CPU.Build.0 = Debug|Any CPU
		{362267BA-8052-493E-A3C0-F89B0F3BF331}.Debug|Mixed Platforms.ActiveCfg = Debug|Any CPU
		{362267BA-8052-493E-A3C0-F89B0F3BF331}.Debug|Mixed Platforms.Build.0 = Debug|Any CPU
		{362267BA-8052-493E-A3C0-F89B0F3BF331}.Debug|Pocket PC 2003 (ARMV4).ActiveCfg = Debug|Any CPU
		{362267BA-8052-493E-A3C0-F89B0F3BF331}.Debug|Win32.ActiveCfg = Debug|Any CPU
		{362267BA-8052-493E-A3C0-F89B0F3BF331}.Release|Any CPU.ActiveCfg = Release|Any CPU
		{362267BA-8052-493E-A3C0-F89B0F3BF331}.Release|Any CPU.Build.0 = Release|Any CPU
		{362267BA-8052-493E-A3C0-F89B0F3BF331}.Release|Mixed Platforms.ActiveCfg = Release|Any CPU
		{362267BA-8052-493E-A3C0-F89B0F3BF331}.Release|Mixed Platforms.Build.0 = Release|Any CPU
		{362267BA-8052-493E-A3C0-F89B0F3BF331}.Release|Pocket PC 2003 (ARMV4).ActiveCfg = Release|Any CPU
		{362267BA-8052-493E-A3C0-F89B0F3BF331}.Release|Win32.ActiveCfg = Release|Any CPU
		{362267BA-8052-493E-A3C0-F89B0F3BF331}.StockDebug|Any CPU.ActiveCfg = Debug|Any CPU
		{362267BA-8052-493E-A3C0-F89B0F3BF331}.StockDebug|Any CPU.Build.0 = Debug|Any CPU
		{362267BA-8052-493E-A3C0-F89B0F3BF331}.StockDebug|Mixed Platforms.ActiveCfg = Debug|Any CPU
		{362267BA-8052-493E-A3C0-F89B0F3BF331}.StockDebug|Mixed Platforms.Build.0 = Debug|Any CPU
		{362267BA-8052-493E-A3C0-F89B0F3BF331}.StockDebug|Pocket PC 2003 (ARMV4).ActiveCfg = Debug|Any CPU
		{362267BA-8052-493E-A3C0-F89B0F3BF331}.StockDebug|Win32.ActiveCfg = Debug|Any CPU
		{362267BA-8052-493E-A3C0-F89B0F3BF331}.StockRelease|Any CPU.ActiveCfg = Release|Any CPU
		{362267BA-8052-493E-A3C0-F89B0F3BF331}.StockRelease|Any CPU.Build.0 = Release|Any CPU
		{362267BA-8052-493E-A3C0-F89B0F3BF331}.StockRelease|Mixed Platforms.ActiveCfg = Release|Any CPU
		{362267BA-8052-493E-A3C0-F89B0F3BF331}.StockRelease|Mixed Platforms.Build.0 = Release|Any CPU
		{362267BA-8052-493E-A3C0-F89B0F3BF331}.StockRelease|Pocket PC 2003 (ARMV4).ActiveCfg = Release|Any CPU
		{362267BA-8052-493E-A3C0-F89B0F3BF331}.StockRelease|Win32.ActiveCfg = Release|Any CPU
		{FB05239A-0E75-4E64-963C-136215002017}.Debug|Any CPU.ActiveCfg = Debug|Any CPU
		{FB05239A-0E75-4E64-963C-136215002017}.Debug|Any CPU.Build.0 = Debug|Any CPU
		{FB05239A-0E75-4E64-963C-136215002017}.Debug|Mixed Platforms.ActiveCfg = Debug|Any CPU
		{FB05239A-0E75-4E64-963C-136215002017}.Debug|Mixed Platforms.Build.0 = Debug|Any CPU
		{FB05239A-0E75-4E64-963C-136215002017}.Debug|Pocket PC 2003 (ARMV4).ActiveCfg = Debug|Any CPU
		{FB05239A-0E75-4E64-963C-136215002017}.Debug|Win32.ActiveCfg = Debug|Any CPU
		{FB05239A-0E75-4E64-963C-136215002017}.Release|Any CPU.ActiveCfg = Release|Any CPU
		{FB05239A-0E75-4E64-963C-136215002017}.Release|Any CPU.Build.0 = Release|Any CPU
		{FB05239A-0E75-4E64-963C-136215002017}.Release|Mixed Platforms.ActiveCfg = Release|Any CPU
		{FB05239A-0E75-4E64-963C-136215002017}.Release|Mixed Platforms.Build.0 = Release|Any CPU
		{FB05239A-0E75-4E64-963C-136215002017}.Release|Pocket PC 2003 (ARMV4).ActiveCfg = Release|Any CPU
		{FB05239A-0E75-4E64-963C-136215002017}.Release|Win32.ActiveCfg = Release|Any CPU
		{FB05239A-0E75-4E64-963C-136215002017}.StockDebug|Any CPU.ActiveCfg = Debug|Any CPU
		{FB05239A-0E75-4E64-963C-136215002017}.StockDebug|Any CPU.Build.0 = Debug|Any CPU
		{FB05239A-0E75-4E64-963C-136215002017}.StockDebug|Mixed Platforms.ActiveCfg = Debug|Any CPU
		{FB05239A-0E75-4E64-963C-136215002017}.StockDebug|Mixed Platforms.Build.0 = Debug|Any CPU
		{FB05239A-0E75-4E64-963C-136215002017}.StockDebug|Pocket PC 2003 (ARMV4).ActiveCfg = Debug|Any CPU
		{FB05239A-0E75-4E64-963C-136215002017}.StockDebug|Win32.ActiveCfg = Debug|Any CPU
		{FB05239A-0E75-4E64-963C-136215002017}.StockRelease|Any CPU.ActiveCfg = Release|Any CPU
		{FB05239A-0E75-4E64-963C-136215002017}.StockRelease|Any CPU.Build.0 = Release|Any CPU
		{FB05239A-0E75-4E64-963C-136215002017}.StockRelease|Mixed Platforms.ActiveCfg = Release|Any CPU
		{FB05239A-0E75-4E64-963C-136215002017}.StockRelease|Mixed Platforms.Build.0 = Release|Any CPU
		{FB05239A-0E75-4E64-963C-136215002017}.StockRelease|Pocket PC 2003 (ARMV4).ActiveCfg = Release|Any CPU
		{FB05239A-0E75-4E64-963C-136215002017}.StockRelease|Win32.ActiveCfg = Release|Any CPU
		{160D1D21-699E-499A-9CA2-F54992777EFE}.Debug|Any CPU.ActiveCfg = Debug|Any CPU
		{160D1D21-699E-499A-9CA2-F54992777EFE}.Debug|Any CPU.Build.0 = Debug|Any CPU
		{160D1D21-699E-499A-9CA2-F54992777EFE}.Debug|Mixed Platforms.ActiveCfg = Debug|Any CPU
		{160D1D21-699E-499A-9CA2-F54992777EFE}.Debug|Mixed Platforms.Build.0 = Debug|Any CPU
		{160D1D21-699E-499A-9CA2-F54992777EFE}.Debug|Pocket PC 2003 (ARMV4).ActiveCfg = Debug|Any CPU
		{160D1D21-699E-499A-9CA2-F54992777EFE}.Debug|Win32.ActiveCfg = Debug|Any CPU
		{160D1D21-699E-499A-9CA2-F54992777EFE}.Release|Any CPU.ActiveCfg = Release|Any CPU
		{160D1D21-699E-499A-9CA2-F54992777EFE}.Release|Any CPU.Build.0 = Release|Any CPU
		{160D1D21-699E-499A-9CA2-F54992777EFE}.Release|Mixed Platforms.ActiveCfg = Release|Any CPU
		{160D1D21-699E-499A-9CA2-F54992777EFE}.Release|Mixed Platforms.Build.0 = Release|Any CPU
		{160D1D21-699E-499A-9CA2-F54992777EFE}.Release|Pocket PC 2003 (ARMV4).ActiveCfg = Release|Any CPU
		{160D1D21-699E-499A-9CA2-F54992777EFE}.Release|Win32.ActiveCfg = Release|Any CPU
		{160D1D21-699E-499A-9CA2-F54992777EFE}.StockDebug|Any CPU.ActiveCfg = Debug|Any CPU
		{160D1D21-699E-499A-9CA2-F54992777EFE}.StockDebug|Any CPU.Build.0 = Debug|Any CPU
		{160D1D21-699E-499A-9CA2-F54992777EFE}.StockDebug|Mixed Platforms.ActiveCfg = Debug|Any CPU
		{160D1D21-699E-499A-9CA2-F54992777EFE}.StockDebug|Mixed Platforms.Build.0 = Debug|Any CPU
		{160D1D21-699E-499A-9CA2-F54992777EFE}.StockDebug|Pocket PC 2003 (ARMV4).ActiveCfg = Debug|Any CPU
		{160D1D21-699E-499A-9CA2-F54992777EFE}.StockDebug|Win32.ActiveCfg = Debug|Any CPU
		{160D1D21-699E-499A-9CA2-F54992777EFE}.StockRelease|Any CPU.ActiveCfg = Release|Any CPU
		{160D1D21-699E-499A-9CA2-F54992777EFE}.StockRelease|Any CPU.Build.0 = Release|Any CPU
		{160D1D21-699E-499A-9CA2-F54992777EFE}.StockRelease|Mixed Platforms.ActiveCfg = Release|Any CPU
		{160D1D21-699E-499A-9CA2-F54992777EFE}.StockRelease|Mixed Platforms.Build.0 = Release|Any CPU
		{160D1D21-699E-499A-9CA2-F54992777EFE}.StockRelease|Pocket PC 2003 (ARMV4).ActiveCfg = Release|Any CPU
		{160D1D21-699E-499A-9CA2-F54992777EFE}.StockRelease|Win32.ActiveCfg = Release|Any CPU
	EndGlobalSection
	GlobalSection(SolutionProperties) = preSolution
		HideSolutionNode = FALSE
	EndGlobalSection
EndGlobal
